// !$*UTF8*$!
{
	archiveVersion = 1;
	classes = {
	};
	objectVersion = 56;
	objects = {

/* Begin PBXBuildFile section */
		100000000000000000000101 /* TopConfApp.swift in Sources */ = {isa = PBXBuildFile; fileRef = 100000000000000000000001 /* TopConfApp.swift */; };
		100000000000000000000102 /* ContentView.swift in Sources */ = {isa = PBXBuildFile; fileRef = 100000000000000000000002 /* ContentView.swift */; };
		100000000000000000000103 /* TopConfTests.swift in Sources */ = {isa = PBXBuildFile; fileRef = 100000000000000000000003 /* TopConfTests.swift */; };
		100000000000000000000104 /* TopConfUITests.swift in Sources */ = {isa = PBXBuildFile; fileRef = 100000000000000000000004 /* TopConfUITests.swift */; };
		D00000000000000000000101 /* DomainModels.swift in Sources */ = {isa = PBXBuildFile; fileRef = D00000000000000000000001 /* DomainModels.swift */; };
		D00000000000000000000102 /* DomainPolicies.swift in Sources */ = {isa = PBXBuildFile; fileRef = D00000000000000000000002 /* DomainPolicies.swift */; };
		D00000000000000000000103 /* Clock.swift in Sources */ = {isa = PBXBuildFile; fileRef = D00000000000000000000003 /* Clock.swift */; };
		D00000000000000000000104 /* RepositoryProtocols.swift in Sources */ = {isa = PBXBuildFile; fileRef = D00000000000000000000004 /* RepositoryProtocols.swift */; };
		D00000000000000000000105 /* DomainError.swift in Sources */ = {isa = PBXBuildFile; fileRef = D00000000000000000000005 /* DomainError.swift */; };
		D00000000000000000000106 /* DomainServices.swift in Sources */ = {isa = PBXBuildFile; fileRef = D00000000000000000000006 /* DomainServices.swift */; };
		D00000000000000000000107 /* DomainTestSupport.swift in Sources */ = {isa = PBXBuildFile; fileRef = D00000000000000000000007 /* DomainTestSupport.swift */; };
		D00000000000000000000108 /* ConferenceTrackingServiceTests.swift in Sources */ = {isa = PBXBuildFile; fileRef = D00000000000000000000008 /* ConferenceTrackingServiceTests.swift */; };
		D00000000000000000000109 /* ConferenceDiscoveryServiceTests.swift in Sources */ = {isa = PBXBuildFile; fileRef = D00000000000000000000009 /* ConferenceDiscoveryServiceTests.swift */; };
		D0000000000000000000010A /* DeadlineSelectionServiceTests.swift in Sources */ = {isa = PBXBuildFile; fileRef = D0000000000000000000000A /* DeadlineSelectionServiceTests.swift */; };
		D0000000000000000000010B /* TrackedConferenceResolverTests.swift in Sources */ = {isa = PBXBuildFile; fileRef = D0000000000000000000000B /* TrackedConferenceResolverTests.swift */; };
		D0000000000000000000010C /* ConferenceSortingServiceTests.swift in Sources */ = {isa = PBXBuildFile; fileRef = D0000000000000000000000C /* ConferenceSortingServiceTests.swift */; };
		D0000000000000000000010D /* DeadlineCalculatorTests.swift in Sources */ = {isa = PBXBuildFile; fileRef = D0000000000000000000000D /* DeadlineCalculatorTests.swift */; };
		D0000000000000000000010E /* SearchServiceTests.swift in Sources */ = {isa = PBXBuildFile; fileRef = D0000000000000000000000E /* SearchServiceTests.swift */; };
		E00000000000000000000101 /* InMemoryConferenceRepository.swift in Sources */ = {isa = PBXBuildFile; fileRef = E00000000000000000000001 /* InMemoryConferenceRepository.swift */; };
		E00000000000000000000102 /* InMemoryTrackedConferenceRepository.swift in Sources */ = {isa = PBXBuildFile; fileRef = E00000000000000000000002 /* InMemoryTrackedConferenceRepository.swift */; };
		E00000000000000000000103 /* InMemoryReminderRepository.swift in Sources */ = {isa = PBXBuildFile; fileRef = E00000000000000000000003 /* InMemoryReminderRepository.swift */; };
		E00000000000000000000104 /* ConferenceFixtures.swift in Sources */ = {isa = PBXBuildFile; fileRef = E00000000000000000000004 /* ConferenceFixtures.swift */; };
		E00000000000000000000105 /* DeadlineFixtures.swift in Sources */ = {isa = PBXBuildFile; fileRef = E00000000000000000000005 /* DeadlineFixtures.swift */; };
		E00000000000000000000106 /* TrackedConferenceFixtures.swift in Sources */ = {isa = PBXBuildFile; fileRef = E00000000000000000000006 /* TrackedConferenceFixtures.swift */; };
		E00000000000000000000107 /* ReminderFixtures.swift in Sources */ = {isa = PBXBuildFile; fileRef = E00000000000000000000007 /* ReminderFixtures.swift */; };
		E00000000000000000000108 /* InMemoryConferenceRepositoryTests.swift in Sources */ = {isa = PBXBuildFile; fileRef = E00000000000000000000008 /* InMemoryConferenceRepositoryTests.swift */; };
		E00000000000000000000109 /* InMemoryTrackedConferenceRepositoryTests.swift in Sources */ = {isa = PBXBuildFile; fileRef = E00000000000000000000009 /* InMemoryTrackedConferenceRepositoryTests.swift */; };
		E0000000000000000000010A /* InMemoryReminderRepositoryTests.swift in Sources */ = {isa = PBXBuildFile; fileRef = E0000000000000000000000A /* InMemoryReminderRepositoryTests.swift */; };
		E0000000000000000000010B /* FixtureValidationTests.swift in Sources */ = {isa = PBXBuildFile; fileRef = E0000000000000000000000B /* FixtureValidationTests.swift */; };
		E0000000000000000000010C /* FixtureDrivenDomainTests.swift in Sources */ = {isa = PBXBuildFile; fileRef = E0000000000000000000000C /* FixtureDrivenDomainTests.swift */; };
/* End PBXBuildFile section */

/* Begin PBXContainerItemProxy section */
		100000000000000000000201 /* PBXContainerItemProxy */ = {
			isa = PBXContainerItemProxy;
			containerPortal = 100000000000000000000301 /* Project object */;
			proxyType = 1;
			remoteGlobalIDString = 100000000000000000000401;
			remoteInfo = TopConf;
		};
		100000000000000000000202 /* PBXContainerItemProxy */ = {
			isa = PBXContainerItemProxy;
			containerPortal = 100000000000000000000301 /* Project object */;
			proxyType = 1;
			remoteGlobalIDString = 100000000000000000000401;
			remoteInfo = TopConf;
		};
/* End PBXContainerItemProxy section */

/* Begin PBXFileReference section */
		100000000000000000000001 /* TopConfApp.swift */ = {isa = PBXFileReference; lastKnownFileType = sourcecode.swift; path = TopConfApp.swift; sourceTree = "<group>"; };
		100000000000000000000002 /* ContentView.swift */ = {isa = PBXFileReference; lastKnownFileType = sourcecode.swift; path = ContentView.swift; sourceTree = "<group>"; };
		100000000000000000000003 /* TopConfTests.swift */ = {isa = PBXFileReference; lastKnownFileType = sourcecode.swift; path = TopConfTests.swift; sourceTree = "<group>"; };
		100000000000000000000004 /* TopConfUITests.swift */ = {isa = PBXFileReference; lastKnownFileType = sourcecode.swift; path = TopConfUITests.swift; sourceTree = "<group>"; };
		100000000000000000000501 /* TopConf.app */ = {isa = PBXFileReference; explicitFileType = wrapper.application; includeInIndex = 0; path = TopConf.app; sourceTree = BUILT_PRODUCTS_DIR; };
		100000000000000000000502 /* TopConfTests.xctest */ = {isa = PBXFileReference; explicitFileType = wrapper.cfbundle; includeInIndex = 0; path = TopConfTests.xctest; sourceTree = BUILT_PRODUCTS_DIR; };
		100000000000000000000503 /* TopConfUITests.xctest */ = {isa = PBXFileReference; explicitFileType = wrapper.cfbundle; includeInIndex = 0; path = TopConfUITests.xctest; sourceTree = BUILT_PRODUCTS_DIR; };
		D00000000000000000000001 /* DomainModels.swift */ = {isa = PBXFileReference; lastKnownFileType = sourcecode.swift; path = DomainModels.swift; sourceTree = "<group>"; };
		D00000000000000000000002 /* DomainPolicies.swift */ = {isa = PBXFileReference; lastKnownFileType = sourcecode.swift; path = DomainPolicies.swift; sourceTree = "<group>"; };
		D00000000000000000000003 /* Clock.swift */ = {isa = PBXFileReference; lastKnownFileType = sourcecode.swift; path = Clock.swift; sourceTree = "<group>"; };
		D00000000000000000000004 /* RepositoryProtocols.swift */ = {isa = PBXFileReference; lastKnownFileType = sourcecode.swift; path = RepositoryProtocols.swift; sourceTree = "<group>"; };
		D00000000000000000000005 /* DomainError.swift */ = {isa = PBXFileReference; lastKnownFileType = sourcecode.swift; path = DomainError.swift; sourceTree = "<group>"; };
		D00000000000000000000006 /* DomainServices.swift */ = {isa = PBXFileReference; lastKnownFileType = sourcecode.swift; path = DomainServices.swift; sourceTree = "<group>"; };
		D00000000000000000000007 /* DomainTestSupport.swift */ = {isa = PBXFileReference; lastKnownFileType = sourcecode.swift; path = DomainTestSupport.swift; sourceTree = "<group>"; };
		D00000000000000000000008 /* ConferenceTrackingServiceTests.swift */ = {isa = PBXFileReference; lastKnownFileType = sourcecode.swift; path = ConferenceTrackingServiceTests.swift; sourceTree = "<group>"; };
		D00000000000000000000009 /* ConferenceDiscoveryServiceTests.swift */ = {isa = PBXFileReference; lastKnownFileType = sourcecode.swift; path = ConferenceDiscoveryServiceTests.swift; sourceTree = "<group>"; };
		D0000000000000000000000A /* DeadlineSelectionServiceTests.swift */ = {isa = PBXFileReference; lastKnownFileType = sourcecode.swift; path = DeadlineSelectionServiceTests.swift; sourceTree = "<group>"; };
		D0000000000000000000000B /* TrackedConferenceResolverTests.swift */ = {isa = PBXFileReference; lastKnownFileType = sourcecode.swift; path = TrackedConferenceResolverTests.swift; sourceTree = "<group>"; };
		D0000000000000000000000C /* ConferenceSortingServiceTests.swift */ = {isa = PBXFileReference; lastKnownFileType = sourcecode.swift; path = ConferenceSortingServiceTests.swift; sourceTree = "<group>"; };
		D0000000000000000000000D /* DeadlineCalculatorTests.swift */ = {isa = PBXFileReference; lastKnownFileType = sourcecode.swift; path = DeadlineCalculatorTests.swift; sourceTree = "<group>"; };
		D0000000000000000000000E /* SearchServiceTests.swift */ = {isa = PBXFileReference; lastKnownFileType = sourcecode.swift; path = SearchServiceTests.swift; sourceTree = "<group>"; };
		E00000000000000000000001 /* InMemoryConferenceRepository.swift */ = {isa = PBXFileReference; lastKnownFileType = sourcecode.swift; path = InMemoryConferenceRepository.swift; sourceTree = "<group>"; };
		E00000000000000000000002 /* InMemoryTrackedConferenceRepository.swift */ = {isa = PBXFileReference; lastKnownFileType = sourcecode.swift; path = InMemoryTrackedConferenceRepository.swift; sourceTree = "<group>"; };
		E00000000000000000000003 /* InMemoryReminderRepository.swift */ = {isa = PBXFileReference; lastKnownFileType = sourcecode.swift; path = InMemoryReminderRepository.swift; sourceTree = "<group>"; };
		E00000000000000000000004 /* ConferenceFixtures.swift */ = {isa = PBXFileReference; lastKnownFileType = sourcecode.swift; path = ConferenceFixtures.swift; sourceTree = "<group>"; };
		E00000000000000000000005 /* DeadlineFixtures.swift */ = {isa = PBXFileReference; lastKnownFileType = sourcecode.swift; path = DeadlineFixtures.swift; sourceTree = "<group>"; };
		E00000000000000000000006 /* TrackedConferenceFixtures.swift */ = {isa = PBXFileReference; lastKnownFileType = sourcecode.swift; path = TrackedConferenceFixtures.swift; sourceTree = "<group>"; };
		E00000000000000000000007 /* ReminderFixtures.swift */ = {isa = PBXFileReference; lastKnownFileType = sourcecode.swift; path = ReminderFixtures.swift; sourceTree = "<group>"; };
		E00000000000000000000008 /* InMemoryConferenceRepositoryTests.swift */ = {isa = PBXFileReference; lastKnownFileType = sourcecode.swift; path = InMemoryConferenceRepositoryTests.swift; sourceTree = "<group>"; };
		E00000000000000000000009 /* InMemoryTrackedConferenceRepositoryTests.swift */ = {isa = PBXFileReference; lastKnownFileType = sourcecode.swift; path = InMemoryTrackedConferenceRepositoryTests.swift; sourceTree = "<group>"; };
		E0000000000000000000000A /* InMemoryReminderRepositoryTests.swift */ = {isa = PBXFileReference; lastKnownFileType = sourcecode.swift; path = InMemoryReminderRepositoryTests.swift; sourceTree = "<group>"; };
		E0000000000000000000000B /* FixtureValidationTests.swift */ = {isa = PBXFileReference; lastKnownFileType = sourcecode.swift; path = FixtureValidationTests.swift; sourceTree = "<group>"; };
		E0000000000000000000000C /* FixtureDrivenDomainTests.swift */ = {isa = PBXFileReference; lastKnownFileType = sourcecode.swift; path = FixtureDrivenDomainTests.swift; sourceTree = "<group>"; };
/* End PBXFileReference section */

/* Begin PBXFrameworksBuildPhase section */
		100000000000000000000601 /* Frameworks */ = {
			isa = PBXFrameworksBuildPhase;
			buildActionMask = 2147483647;
			files = (
			);
			runOnlyForDeploymentPostprocessing = 0;
		};
		100000000000000000000602 /* Frameworks */ = {
			isa = PBXFrameworksBuildPhase;
			buildActionMask = 2147483647;
			files = (
			);
			runOnlyForDeploymentPostprocessing = 0;
		};
		100000000000000000000603 /* Frameworks */ = {
			isa = PBXFrameworksBuildPhase;
			buildActionMask = 2147483647;
			files = (
			);
			runOnlyForDeploymentPostprocessing = 0;
		};
/* End PBXFrameworksBuildPhase section */

/* Begin PBXGroup section */
		100000000000000000000701 = {
			isa = PBXGroup;
			children = (
				100000000000000000000702 /* TopConf */,
				100000000000000000000703 /* TopConfTests */,
				100000000000000000000704 /* TopConfUITests */,
				100000000000000000000705 /* Products */,
			);
			sourceTree = "<group>";
		};
		100000000000000000000702 /* TopConf */ = {
			isa = PBXGroup;
			children = (
				100000000000000000000001 /* TopConfApp.swift */,
				100000000000000000000002 /* ContentView.swift */,
				D00000000000000000000701 /* Domain */,
				E00000000000000000000701 /* Data */,
			);
			path = TopConf;
			sourceTree = "<group>";
		};
		100000000000000000000703 /* TopConfTests */ = {
			isa = PBXGroup;
			children = (
				100000000000000000000003 /* TopConfTests.swift */,
				D00000000000000000000708 /* Domain */,
				D00000000000000000000709 /* TestSupport */,
				E00000000000000000000703 /* Fixtures */,
				E00000000000000000000704 /* Data */,
				E00000000000000000000706 /* Integration */,
			);
			path = TopConfTests;
			sourceTree = "<group>";
		};
		100000000000000000000704 /* TopConfUITests */ = {
			isa = PBXGroup;
			children = (
				100000000000000000000004 /* TopConfUITests.swift */,
			);
			path = TopConfUITests;
			sourceTree = "<group>";
		};
		100000000000000000000705 /* Products */ = {
			isa = PBXGroup;
			children = (
				100000000000000000000501 /* TopConf.app */,
				100000000000000000000502 /* TopConfTests.xctest */,
				100000000000000000000503 /* TopConfUITests.xctest */,
			);
			name = Products;
			sourceTree = "<group>";
		};
		D00000000000000000000701 /* Domain */ = {
			isa = PBXGroup;
			children = (
				D00000000000000000000702 /* Models */,
				D00000000000000000000703 /* Policies */,
				D00000000000000000000704 /* Services */,
				D00000000000000000000705 /* Repositories */,
				D00000000000000000000706 /* Time */,
				D00000000000000000000707 /* Errors */,
			);
			path = Domain;
			sourceTree = "<group>";
		};
		D00000000000000000000702 /* Models */ = {
			isa = PBXGroup;
			children = (
				D00000000000000000000001 /* DomainModels.swift */,
			);
			path = Models;
			sourceTree = "<group>";
		};
		D00000000000000000000703 /* Policies */ = {
			isa = PBXGroup;
			children = (
				D00000000000000000000002 /* DomainPolicies.swift */,
			);
			path = Policies;
			sourceTree = "<group>";
		};
		D00000000000000000000704 /* Services */ = {
			isa = PBXGroup;
			children = (
				D00000000000000000000006 /* DomainServices.swift */,
			);
			path = Services;
			sourceTree = "<group>";
		};
		D00000000000000000000705 /* Repositories */ = {
			isa = PBXGroup;
			children = (
				D00000000000000000000004 /* RepositoryProtocols.swift */,
			);
			path = Repositories;
			sourceTree = "<group>";
		};
		D00000000000000000000706 /* Time */ = {
			isa = PBXGroup;
			children = (
				D00000000000000000000003 /* Clock.swift */,
			);
			path = Time;
			sourceTree = "<group>";
		};
		D00000000000000000000707 /* Errors */ = {
			isa = PBXGroup;
			children = (
				D00000000000000000000005 /* DomainError.swift */,
			);
			path = Errors;
			sourceTree = "<group>";
		};
		D00000000000000000000708 /* Domain */ = {
			isa = PBXGroup;
			children = (
				D00000000000000000000008 /* ConferenceTrackingServiceTests.swift */,
				D00000000000000000000009 /* ConferenceDiscoveryServiceTests.swift */,
				D0000000000000000000000A /* DeadlineSelectionServiceTests.swift */,
				D0000000000000000000000B /* TrackedConferenceResolverTests.swift */,
				D0000000000000000000000C /* ConferenceSortingServiceTests.swift */,
				D0000000000000000000000D /* DeadlineCalculatorTests.swift */,
				D0000000000000000000000E /* SearchServiceTests.swift */,
			);
			path = Domain;
			sourceTree = "<group>";
		};
		D00000000000000000000709 /* TestSupport */ = {
			isa = PBXGroup;
			children = (
				D00000000000000000000007 /* DomainTestSupport.swift */,
			);
			path = TestSupport;
			sourceTree = "<group>";
		};
		E00000000000000000000701 /* Data */ = {
			isa = PBXGroup;
			children = (
				E00000000000000000000702 /* InMemory */,
			);
			path = Data;
			sourceTree = "<group>";
		};
		E00000000000000000000702 /* InMemory */ = {
			isa = PBXGroup;
			children = (
				E00000000000000000000001 /* InMemoryConferenceRepository.swift */,
				E00000000000000000000002 /* InMemoryTrackedConferenceRepository.swift */,
				E00000000000000000000003 /* InMemoryReminderRepository.swift */,
			);
			path = InMemory;
			sourceTree = "<group>";
		};
		E00000000000000000000703 /* Fixtures */ = {
			isa = PBXGroup;
			children = (
				E00000000000000000000004 /* ConferenceFixtures.swift */,
				E00000000000000000000005 /* DeadlineFixtures.swift */,
				E00000000000000000000006 /* TrackedConferenceFixtures.swift */,
				E00000000000000000000007 /* ReminderFixtures.swift */,
				E0000000000000000000000B /* FixtureValidationTests.swift */,
			);
			path = Fixtures;
			sourceTree = "<group>";
		};
		E00000000000000000000704 /* Data */ = {
			isa = PBXGroup;
			children = (
				E00000000000000000000705 /* InMemory */,
			);
			path = Data;
			sourceTree = "<group>";
		};
		E00000000000000000000705 /* InMemory */ = {
			isa = PBXGroup;
			children = (
				E00000000000000000000008 /* InMemoryConferenceRepositoryTests.swift */,
				E00000000000000000000009 /* InMemoryTrackedConferenceRepositoryTests.swift */,
				E0000000000000000000000A /* InMemoryReminderRepositoryTests.swift */,
			);
			path = InMemory;
			sourceTree = "<group>";
		};
		E00000000000000000000706 /* Integration */ = {
			isa = PBXGroup;
			children = (
				E0000000000000000000000C /* FixtureDrivenDomainTests.swift */,
			);
			path = Integration;
			sourceTree = "<group>";
		};
/* End PBXGroup section */

/* Begin PBXNativeTarget section */
		100000000000000000000401 /* TopConf */ = {
			isa = PBXNativeTarget;
			buildConfigurationList = 100000000000000000000801 /* Build configuration list for PBXNativeTarget "TopConf" */;
			buildPhases = (
				100000000000000000000901 /* Sources */,
				100000000000000000000601 /* Frameworks */,
				100000000000000000000A01 /* Resources */,
			);
			buildRules = (
			);
			dependencies = (
			);
			name = TopConf;
			productName = TopConf;
			productReference = 100000000000000000000501 /* TopConf.app */;
			productType = "com.apple.product-type.application";
		};
		100000000000000000000402 /* TopConfTests */ = {
			isa = PBXNativeTarget;
			buildConfigurationList = 100000000000000000000802 /* Build configuration list for PBXNativeTarget "TopConfTests" */;
			buildPhases = (
				100000000000000000000902 /* Sources */,
				100000000000000000000602 /* Frameworks */,
				100000000000000000000A02 /* Resources */,
			);
			buildRules = (
			);
			dependencies = (
				100000000000000000000B01 /* PBXTargetDependency */,
			);
			name = TopConfTests;
			productName = TopConfTests;
			productReference = 100000000000000000000502 /* TopConfTests.xctest */;
			productType = "com.apple.product-type.bundle.unit-test";
		};
		100000000000000000000403 /* TopConfUITests */ = {
			isa = PBXNativeTarget;
			buildConfigurationList = 100000000000000000000803 /* Build configuration list for PBXNativeTarget "TopConfUITests" */;
			buildPhases = (
				100000000000000000000903 /* Sources */,
				100000000000000000000603 /* Frameworks */,
				100000000000000000000A03 /* Resources */,
			);
			buildRules = (
			);
			dependencies = (
				100000000000000000000B02 /* PBXTargetDependency */,
			);
			name = TopConfUITests;
			productName = TopConfUITests;
			productReference = 100000000000000000000503 /* TopConfUITests.xctest */;
			productType = "com.apple.product-type.bundle.ui-testing";
		};
/* End PBXNativeTarget section */

/* Begin PBXProject section */
		100000000000000000000301 /* Project object */ = {
			isa = PBXProject;
			attributes = {
				BuildIndependentTargetsInParallel = 1;
				LastSwiftUpdateCheck = 1540;
				LastUpgradeCheck = 1540;
				TargetAttributes = {
					100000000000000000000401 = {
						CreatedOnToolsVersion = 15.4;
					};
					100000000000000000000402 = {
						CreatedOnToolsVersion = 15.4;
						TestTargetID = 100000000000000000000401;
					};
					100000000000000000000403 = {
						CreatedOnToolsVersion = 15.4;
						TestTargetID = 100000000000000000000401;
					};
				};
			};
			buildConfigurationList = 100000000000000000000804 /* Build configuration list for PBXProject "TopConf" */;
			compatibilityVersion = "Xcode 14.0";
			developmentRegion = en;
			hasScannedForEncodings = 0;
			knownRegions = (
				en,
				Base,
			);
			mainGroup = 100000000000000000000701;
			productRefGroup = 100000000000000000000705 /* Products */;
			projectDirPath = "";
			projectRoot = "";
			targets = (
				100000000000000000000401 /* TopConf */,
				100000000000000000000402 /* TopConfTests */,
				100000000000000000000403 /* TopConfUITests */,
			);
		};
/* End PBXProject section */

/* Begin PBXResourcesBuildPhase section */
		100000000000000000000A01 /* Resources */ = {
			isa = PBXResourcesBuildPhase;
			buildActionMask = 2147483647;
			files = (
			);
			runOnlyForDeploymentPostprocessing = 0;
		};
		100000000000000000000A02 /* Resources */ = {
			isa = PBXResourcesBuildPhase;
			buildActionMask = 2147483647;
			files = (
			);
			runOnlyForDeploymentPostprocessing = 0;
		};
		100000000000000000000A03 /* Resources */ = {
			isa = PBXResourcesBuildPhase;
			buildActionMask = 2147483647;
			files = (
			);
			runOnlyForDeploymentPostprocessing = 0;
		};
/* End PBXResourcesBuildPhase section */

/* Begin PBXSourcesBuildPhase section */
		100000000000000000000901 /* Sources */ = {
			isa = PBXSourcesBuildPhase;
			buildActionMask = 2147483647;
			files = (
				100000000000000000000101 /* TopConfApp.swift in Sources */,
				100000000000000000000102 /* ContentView.swift in Sources */,
				D00000000000000000000101 /* DomainModels.swift in Sources */,
				D00000000000000000000102 /* DomainPolicies.swift in Sources */,
				D00000000000000000000103 /* Clock.swift in Sources */,
				D00000000000000000000104 /* RepositoryProtocols.swift in Sources */,
				D00000000000000000000105 /* DomainError.swift in Sources */,
				D00000000000000000000106 /* DomainServices.swift in Sources */,
				E00000000000000000000101 /* InMemoryConferenceRepository.swift in Sources */,
				E00000000000000000000102 /* InMemoryTrackedConferenceRepository.swift in Sources */,
				E00000000000000000000103 /* InMemoryReminderRepository.swift in Sources */,
			);
			runOnlyForDeploymentPostprocessing = 0;
		};
		100000000000000000000902 /* Sources */ = {
			isa = PBXSourcesBuildPhase;
			buildActionMask = 2147483647;
			files = (
				100000000000000000000103 /* TopConfTests.swift in Sources */,
				D00000000000000000000107 /* DomainTestSupport.swift in Sources */,
				D00000000000000000000108 /* ConferenceTrackingServiceTests.swift in Sources */,
				D00000000000000000000109 /* ConferenceDiscoveryServiceTests.swift in Sources */,
				D0000000000000000000010A /* DeadlineSelectionServiceTests.swift in Sources */,
				D0000000000000000000010B /* TrackedConferenceResolverTests.swift in Sources */,
				D0000000000000000000010C /* ConferenceSortingServiceTests.swift in Sources */,
				D0000000000000000000010D /* DeadlineCalculatorTests.swift in Sources */,
				D0000000000000000000010E /* SearchServiceTests.swift in Sources */,
				E00000000000000000000104 /* ConferenceFixtures.swift in Sources */,
				E00000000000000000000105 /* DeadlineFixtures.swift in Sources */,
				E00000000000000000000106 /* TrackedConferenceFixtures.swift in Sources */,
				E00000000000000000000107 /* ReminderFixtures.swift in Sources */,
				E00000000000000000000108 /* InMemoryConferenceRepositoryTests.swift in Sources */,
				E00000000000000000000109 /* InMemoryTrackedConferenceRepositoryTests.swift in Sources */,
				E0000000000000000000010A /* InMemoryReminderRepositoryTests.swift in Sources */,
				E0000000000000000000010B /* FixtureValidationTests.swift in Sources */,
				E0000000000000000000010C /* FixtureDrivenDomainTests.swift in Sources */,
			);
			runOnlyForDeploymentPostprocessing = 0;
		};
		100000000000000000000903 /* Sources */ = {
			isa = PBXSourcesBuildPhase;
			buildActionMask = 2147483647;
			files = (
				100000000000000000000104 /* TopConfUITests.swift in Sources */,
			);
			runOnlyForDeploymentPostprocessing = 0;
		};
/* End PBXSourcesBuildPhase section */

/* Begin PBXTargetDependency section */
		100000000000000000000B01 /* PBXTargetDependency */ = {
			isa = PBXTargetDependency;
			target = 100000000000000000000401 /* TopConf */;
			targetProxy = 100000000000000000000201 /* PBXContainerItemProxy */;
		};
		100000000000000000000B02 /* PBXTargetDependency */ = {
			isa = PBXTargetDependency;
			target = 100000000000000000000401 /* TopConf */;
			targetProxy = 100000000000000000000202 /* PBXContainerItemProxy */;
		};
/* End PBXTargetDependency section */

/* Begin XCBuildConfiguration section */
		100000000000000000000C01 /* Debug */ = {
			isa = XCBuildConfiguration;
			buildSettings = {
				ALWAYS_SEARCH_USER_PATHS = NO;
				CLANG_ANALYZER_NONNULL = YES;
				CLANG_ANALYZER_NUMBER_OBJECT_CONVERSION = YES_AGGRESSIVE;
				CLANG_CXX_LANGUAGE_STANDARD = "gnu++20";
				CLANG_ENABLE_MODULES = YES;
				CLANG_ENABLE_OBJC_ARC = YES;
				CLANG_ENABLE_OBJC_WEAK = YES;
				CLANG_WARN_BLOCK_CAPTURE_AUTORELEASING = YES;
				CLANG_WARN_BOOL_CONVERSION = YES;
				CLANG_WARN_COMMA = YES;
				CLANG_WARN_CONSTANT_CONVERSION = YES;
				CLANG_WARN_DEPRECATED_OBJC_IMPLEMENTATIONS = YES;
				CLANG_WARN_DIRECT_OBJC_ISA_USAGE = YES_ERROR;
				CLANG_WARN_DOCUMENTATION_COMMENTS = YES;
				CLANG_WARN_EMPTY_BODY = YES;
				CLANG_WARN_ENUM_CONVERSION = YES;
				CLANG_WARN_INFINITE_RECURSION = YES;
				CLANG_WARN_INT_CONVERSION = YES;
				CLANG_WARN_NON_LITERAL_NULL_CONVERSION = YES;
				CLANG_WARN_OBJC_IMPLICIT_RETAIN_SELF = YES;
				CLANG_WARN_OBJC_LITERAL_CONVERSION = YES;
				CLANG_WARN_OBJC_ROOT_CLASS = YES_ERROR;
				CLANG_WARN_QUOTED_INCLUDE_IN_FRAMEWORK_HEADER = YES;
				CLANG_WARN_RANGE_LOOP_ANALYSIS = YES;
				CLANG_WARN_STRICT_PROTOTYPES = YES;
				CLANG_WARN_SUSPICIOUS_MOVE = YES;
				CLANG_WARN_UNGUARDED_AVAILABILITY = YES_AGGRESSIVE;
				CLANG_WARN_UNREACHABLE_CODE = YES;
				CLANG_WARN__DUPLICATE_METHOD_MATCH = YES;
				COPY_PHASE_STRIP = NO;
				DEBUG_INFORMATION_FORMAT = dwarf;
				ENABLE_STRICT_OBJC_MSGSEND = YES;
				ENABLE_TESTABILITY = YES;
				ENABLE_USER_SCRIPT_SANDBOXING = YES;
				GCC_C_LANGUAGE_STANDARD = gnu17;
				GCC_DYNAMIC_NO_PIC = NO;
				GCC_NO_COMMON_BLOCKS = YES;
				GCC_OPTIMIZATION_LEVEL = 0;
				GCC_PREPROCESSOR_DEFINITIONS = (
					"DEBUG=1",
					"$(inherited)",
				);
				GCC_WARN_64_TO_32_BIT_CONVERSION = YES;
				GCC_WARN_ABOUT_RETURN_TYPE = YES_ERROR;
				GCC_WARN_UNDECLARED_SELECTOR = YES;
				GCC_WARN_UNINITIALIZED_AUTOS = YES_AGGRESSIVE;
				GCC_WARN_UNUSED_FUNCTION = YES;
				GCC_WARN_UNUSED_VARIABLE = YES;
				MACOSX_DEPLOYMENT_TARGET = 14.0;
				MTL_ENABLE_DEBUG_INFO = INCLUDE_SOURCE;
				MTL_FAST_MATH = YES;
				ONLY_ACTIVE_ARCH = YES;
				SDKROOT = macosx;
				SWIFT_ACTIVE_COMPILATION_CONDITIONS = DEBUG;
				SWIFT_EMIT_LOC_STRINGS = YES;
				SWIFT_OPTIMIZATION_LEVEL = "-Onone";
			};
			name = Debug;
		};
		100000000000000000000C02 /* Release */ = {
			isa = XCBuildConfiguration;
			buildSettings = {
				ALWAYS_SEARCH_USER_PATHS = NO;
				CLANG_ANALYZER_NONNULL = YES;
				CLANG_ANALYZER_NUMBER_OBJECT_CONVERSION = YES_AGGRESSIVE;
				CLANG_CXX_LANGUAGE_STANDARD = "gnu++20";
				CLANG_ENABLE_MODULES = YES;
				CLANG_ENABLE_OBJC_ARC = YES;
				CLANG_ENABLE_OBJC_WEAK = YES;
				CLANG_WARN_BLOCK_CAPTURE_AUTORELEASING = YES;
				CLANG_WARN_BOOL_CONVERSION = YES;
				CLANG_WARN_COMMA = YES;
				CLANG_WARN_CONSTANT_CONVERSION = YES;
				CLANG_WARN_DEPRECATED_OBJC_IMPLEMENTATIONS = YES;
				CLANG_WARN_DIRECT_OBJC_ISA_USAGE = YES_ERROR;
				CLANG_WARN_DOCUMENTATION_COMMENTS = YES;
				CLANG_WARN_EMPTY_BODY = YES;
				CLANG_WARN_ENUM_CONVERSION = YES;
				CLANG_WARN_INFINITE_RECURSION = YES;
				CLANG_WARN_INT_CONVERSION = YES;
				CLANG_WARN_NON_LITERAL_NULL_CONVERSION = YES;
				CLANG_WARN_OBJC_IMPLICIT_RETAIN_SELF = YES;
				CLANG_WARN_OBJC_LITERAL_CONVERSION = YES;
				CLANG_WARN_OBJC_ROOT_CLASS = YES_ERROR;
				CLANG_WARN_QUOTED_INCLUDE_IN_FRAMEWORK_HEADER = YES;
				CLANG_WARN_RANGE_LOOP_ANALYSIS = YES;
				CLANG_WARN_STRICT_PROTOTYPES = YES;
				CLANG_WARN_SUSPICIOUS_MOVE = YES;
				CLANG_WARN_UNGUARDED_AVAILABILITY = YES_AGGRESSIVE;
				CLANG_WARN_UNREACHABLE_CODE = YES;
				CLANG_WARN__DUPLICATE_METHOD_MATCH = YES;
				COPY_PHASE_STRIP = NO;
				DEBUG_INFORMATION_FORMAT = "dwarf-with-dsym";
				ENABLE_NS_ASSERTIONS = NO;
				ENABLE_STRICT_OBJC_MSGSEND = YES;
				ENABLE_USER_SCRIPT_SANDBOXING = YES;
				GCC_C_LANGUAGE_STANDARD = gnu17;
				GCC_NO_COMMON_BLOCKS = YES;
				GCC_WARN_64_TO_32_BIT_CONVERSION = YES;
				GCC_WARN_ABOUT_RETURN_TYPE = YES_ERROR;
				GCC_WARN_UNDECLARED_SELECTOR = YES;
				GCC_WARN_UNINITIALIZED_AUTOS = YES_AGGRESSIVE;
				GCC_WARN_UNUSED_FUNCTION = YES;
				GCC_WARN_UNUSED_VARIABLE = YES;
				MACOSX_DEPLOYMENT_TARGET = 14.0;
				MTL_ENABLE_DEBUG_INFO = NO;
				MTL_FAST_MATH = YES;
				SDKROOT = macosx;
				SWIFT_COMPILATION_MODE = wholemodule;
				SWIFT_EMIT_LOC_STRINGS = YES;
				SWIFT_OPTIMIZATION_LEVEL = "-O";
			};
			name = Release;
		};
		100000000000000000000C03 /* Debug */ = {
			isa = XCBuildConfiguration;
			buildSettings = {
				ASSETCATALOG_COMPILER_APPICON_NAME = AppIcon;
				CODE_SIGN_STYLE = Automatic;
				COMBINE_HIDPI_IMAGES = YES;
				CURRENT_PROJECT_VERSION = 1;
				DEVELOPMENT_TEAM = "";
				ENABLE_PREVIEWS = YES;
				GENERATE_INFOPLIST_FILE = YES;
				INFOPLIST_KEY_CFBundleDisplayName = TopConf;
				INFOPLIST_KEY_LSApplicationCategoryType = "public.app-category.productivity";
				INFOPLIST_KEY_NSHumanReadableCopyright = "";
				LD_RUNPATH_SEARCH_PATHS = (
					"$(inherited)",
					"@executable_path/../Frameworks",
				);
				MACOSX_DEPLOYMENT_TARGET = 14.0;
				MARKETING_VERSION = 1.0;
				PRODUCT_BUNDLE_IDENTIFIER = com.example.TopConf;
				PRODUCT_NAME = "$(TARGET_NAME)";
				SWIFT_VERSION = 5.0;
			};
			name = Debug;
		};
		100000000000000000000C04 /* Release */ = {
			isa = XCBuildConfiguration;
			buildSettings = {
				ASSETCATALOG_COMPILER_APPICON_NAME = AppIcon;
				CODE_SIGN_STYLE = Automatic;
				COMBINE_HIDPI_IMAGES = YES;
				CURRENT_PROJECT_VERSION = 1;
				DEVELOPMENT_TEAM = "";
				ENABLE_PREVIEWS = YES;
				GENERATE_INFOPLIST_FILE = YES;
				INFOPLIST_KEY_CFBundleDisplayName = TopConf;
				INFOPLIST_KEY_LSApplicationCategoryType = "public.app-category.productivity";
				INFOPLIST_KEY_NSHumanReadableCopyright = "";
				LD_RUNPATH_SEARCH_PATHS = (
					"$(inherited)",
					"@executable_path/../Frameworks",
				);
				MACOSX_DEPLOYMENT_TARGET = 14.0;
				MARKETING_VERSION = 1.0;
				PRODUCT_BUNDLE_IDENTIFIER = com.example.TopConf;
				PRODUCT_NAME = "$(TARGET_NAME)";
				SWIFT_VERSION = 5.0;
			};
			name = Release;
		};
		100000000000000000000C05 /* Debug */ = {
			isa = XCBuildConfiguration;
			buildSettings = {
				BUNDLE_LOADER = "$(TEST_HOST)";
				CODE_SIGN_STYLE = Automatic;
				CURRENT_PROJECT_VERSION = 1;
				DEVELOPMENT_TEAM = "";
				GENERATE_INFOPLIST_FILE = YES;
				LD_RUNPATH_SEARCH_PATHS = (
					"$(inherited)",
					"@executable_path/../Frameworks",
					"@loader_path/../Frameworks",
				);
				MACOSX_DEPLOYMENT_TARGET = 14.0;
				MARKETING_VERSION = 1.0;
				PRODUCT_BUNDLE_IDENTIFIER = com.example.TopConfTests;
				PRODUCT_NAME = "$(TARGET_NAME)";
				SWIFT_VERSION = 5.0;
				TEST_HOST = "$(BUILT_PRODUCTS_DIR)/TopConf.app/Contents/MacOS/TopConf";
			};
			name = Debug;
		};
		100000000000000000000C06 /* Release */ = {
			isa = XCBuildConfiguration;
			buildSettings = {
				BUNDLE_LOADER = "$(TEST_HOST)";
				CODE_SIGN_STYLE = Automatic;
				CURRENT_PROJECT_VERSION = 1;
				DEVELOPMENT_TEAM = "";
				GENERATE_INFOPLIST_FILE = YES;
				LD_RUNPATH_SEARCH_PATHS = (
					"$(inherited)",
					"@executable_path/../Frameworks",
					"@loader_path/../Frameworks",
				);
				MACOSX_DEPLOYMENT_TARGET = 14.0;
				MARKETING_VERSION = 1.0;
				PRODUCT_BUNDLE_IDENTIFIER = com.example.TopConfTests;
				PRODUCT_NAME = "$(TARGET_NAME)";
				SWIFT_VERSION = 5.0;
				TEST_HOST = "$(BUILT_PRODUCTS_DIR)/TopConf.app/Contents/MacOS/TopConf";
			};
			name = Release;
		};
		100000000000000000000C07 /* Debug */ = {
			isa = XCBuildConfiguration;
			buildSettings = {
				CODE_SIGN_STYLE = Automatic;
				CURRENT_PROJECT_VERSION = 1;
				DEVELOPMENT_TEAM = "";
				GENERATE_INFOPLIST_FILE = YES;
				LD_RUNPATH_SEARCH_PATHS = (
					"$(inherited)",
					"@executable_path/../Frameworks",
					"@loader_path/../Frameworks",
				);
				MACOSX_DEPLOYMENT_TARGET = 14.0;
				MARKETING_VERSION = 1.0;
				PRODUCT_BUNDLE_IDENTIFIER = com.example.TopConfUITests;
				PRODUCT_NAME = "$(TARGET_NAME)";
				SWIFT_VERSION = 5.0;
				TEST_TARGET_NAME = TopConf;
			};
			name = Debug;
		};
		100000000000000000000C08 /* Release */ = {
			isa = XCBuildConfiguration;
			buildSettings = {
				CODE_SIGN_STYLE = Automatic;
				CURRENT_PROJECT_VERSION = 1;
				DEVELOPMENT_TEAM = "";
				GENERATE_INFOPLIST_FILE = YES;
				LD_RUNPATH_SEARCH_PATHS = (
					"$(inherited)",
					"@executable_path/../Frameworks",
					"@loader_path/../Frameworks",
				);
				MACOSX_DEPLOYMENT_TARGET = 14.0;
				MARKETING_VERSION = 1.0;
				PRODUCT_BUNDLE_IDENTIFIER = com.example.TopConfUITests;
				PRODUCT_NAME = "$(TARGET_NAME)";
				SWIFT_VERSION = 5.0;
				TEST_TARGET_NAME = TopConf;
			};
			name = Release;
		};
/* End XCBuildConfiguration section */

/* Begin XCConfigurationList section */
		100000000000000000000801 /* Build configuration list for PBXNativeTarget "TopConf" */ = {
			isa = XCConfigurationList;
			buildConfigurations = (
				100000000000000000000C03 /* Debug */,
				100000000000000000000C04 /* Release */,
			);
			defaultConfigurationIsVisible = 0;
			defaultConfigurationName = Release;
		};
		100000000000000000000802 /* Build configuration list for PBXNativeTarget "TopConfTests" */ = {
			isa = XCConfigurationList;
			buildConfigurations = (
				100000000000000000000C05 /* Debug */,
				100000000000000000000C06 /* Release */,
			);
			defaultConfigurationIsVisible = 0;
			defaultConfigurationName = Release;
		};
		100000000000000000000803 /* Build configuration list for PBXNativeTarget "TopConfUITests" */ = {
			isa = XCConfigurationList;
			buildConfigurations = (
				100000000000000000000C07 /* Debug */,
				100000000000000000000C08 /* Release */,
			);
			defaultConfigurationIsVisible = 0;
			defaultConfigurationName = Release;
		};
		100000000000000000000804 /* Build configuration list for PBXProject "TopConf" */ = {
			isa = XCConfigurationList;
			buildConfigurations = (
				100000000000000000000C01 /* Debug */,
				100000000000000000000C02 /* Release */,
			);
			defaultConfigurationIsVisible = 0;
			defaultConfigurationName = Release;
		};
/* End XCConfigurationList section */
	};
	rootObject = 100000000000000000000301 /* Project object */;
}
